
Microsoft Visual Studio Solution File, Format Version 12.00
# Visual Studio Version 17
VisualStudioVersion = 17.9.34728.123
MinimumVisualStudioVersion = 10.0.40219.1
Project("{FAE04EC0-301F-11D3-BF4B-00C04F79EFBC}") = "AgriculturalSupplyChain", "AgriculturalSupplyChain\AgriculturalSupplyChain.csproj", "{26C1E7CC-7F81-453E-AC8F-9371E09AB647}"
EndProject
Global
	GlobalSection(SolutionConfigurationPlatforms) = preSolution
		Debug|Any CPU = Debug|Any CPU
		Release|Any CPU = Release|Any CPU
	EndGlobalSection
	GlobalSection(ProjectConfigurationPlatforms) = postSolution
		{26C1E7CC-7F81-453E-AC8F-9371E09AB647}.Debug|Any CPU.ActiveCfg = Debug|Any CPU
		{26C1E7CC-7F81-453E-AC8F-9371E09AB647}.Debug|Any CPU.Build.0 = Debug|Any CPU
		{26C1E7CC-7F81-453E-AC8F-9371E09AB647}.Release|Any CPU.ActiveCfg = Release|Any CPU
		{26C1E7CC-7F81-453E-AC8F-9371E09AB647}.Release|Any CPU.Build.0 = Release|Any CPU
	EndGlobalSection
	GlobalSection(SolutionProperties) = preSolution
		HideSolutionNode = FALSE
	EndGlobalSection
	GlobalSection(ExtensibilityGlobals) = postSolution
		SolutionGuid = {72709FE1-7789-442B-9AA8-0C790E3102CA}
	EndGlobalSection
EndGlobal
